
Microsoft Visual Studio Solution File, Format Version 12.00
# Visual Studio Version 17
VisualStudioVersion = 17.6.33829.357
MinimumVisualStudioVersion = 10.0.40219.1
Project("{FAE04EC0-301F-11D3-BF4B-00C04F79EFBC}") = "01.Degiskenler", "01.Degiskenler\01.Degiskenler.csproj", "{F9B9DBB0-AC42-4D9B-AD4A-77689D527D46}"
EndProject
Project("{FAE04EC0-301F-11D3-BF4B-00C04F79EFBC}") = "02.DegerTiplerveReferansTipler", "02.DegerTiplerveReferansTipler\02.DegerTiplerveReferansTipler.csproj", "{03E8EACA-3B41-484F-A87D-9CF21D3B8E5C}"
EndProject
Project("{FAE04EC0-301F-11D3-BF4B-00C04F79EFBC}") = "03.Operatorler", "03.Operatorler\03.Operatorler.csproj", "{3EB0C27A-F792-4CB1-B720-CB3AEDCE891D}"
EndProject
Global
	GlobalSection(SolutionConfigurationPlatforms) = preSolution
		Debug|Any CPU = Debug|Any CPU
		Release|Any CPU = Release|Any CPU
	EndGlobalSection
	GlobalSection(ProjectConfigurationPlatforms) = postSolution
		{F9B9DBB0-AC42-4D9B-AD4A-77689D527D46}.Debug|Any CPU.ActiveCfg = Debug|Any CPU
		{F9B9DBB0-AC42-4D9B-AD4A-77689D527D46}.Debug|Any CPU.Build.0 = Debug|Any CPU
		{F9B9DBB0-AC42-4D9B-AD4A-77689D527D46}.Release|Any CPU.ActiveCfg = Release|Any CPU
		{F9B9DBB0-AC42-4D9B-AD4A-77689D527D46}.Release|Any CPU.Build.0 = Release|Any CPU
		{03E8EACA-3B41-484F-A87D-9CF21D3B8E5C}.Debug|Any CPU.ActiveCfg = Debug|Any CPU
		{03E8EACA-3B41-484F-A87D-9CF21D3B8E5C}.Debug|Any CPU.Build.0 = Debug|Any CPU
		{03E8EACA-3B41-484F-A87D-9CF21D3B8E5C}.Release|Any CPU.ActiveCfg = Release|Any CPU
		{03E8EACA-3B41-484F-A87D-9CF21D3B8E5C}.Release|Any CPU.Build.0 = Release|Any CPU
		{3EB0C27A-F792-4CB1-B720-CB3AEDCE891D}.Debug|Any CPU.ActiveCfg = Debug|Any CPU
		{3EB0C27A-F792-4CB1-B720-CB3AEDCE891D}.Debug|Any CPU.Build.0 = Debug|Any CPU
		{3EB0C27A-F792-4CB1-B720-CB3AEDCE891D}.Release|Any CPU.ActiveCfg = Release|Any CPU
		{3EB0C27A-F792-4CB1-B720-CB3AEDCE891D}.Release|Any CPU.Build.0 = Release|Any CPU
	EndGlobalSection
	GlobalSection(SolutionProperties) = preSolution
		HideSolutionNode = FALSE
	EndGlobalSection
	GlobalSection(ExtensibilityGlobals) = postSolution
		SolutionGuid = {24B36053-31EE-4447-86A7-836B4739C425}
	EndGlobalSection
EndGlobal
